
Microsoft Visual Studio Solution File, Format Version 12.00
# Visual Studio Version 17
VisualStudioVersion = 17.7.34003.232
MinimumVisualStudioVersion = 10.0.40219.1
Project("{9A19103F-16F7-4668-BE54-9A1E7A4F7556}") = "Artifice", "Artifice.csproj", "{E0146FE8-6005-42A2-8041-0025D1AE8478}"
EndProject
Project("{2150E333-8FDC-42A3-9474-1A3956D46DE8}") = "WDP", "WDP", "{CE5E5233-623E-4EC1-9E26-07BA4C9988D6}"
EndProject
Project("{2150E333-8FDC-42A3-9474-1A3956D46DE8}") = "WindowsDevicePortalWrapper", "WindowsDevicePortalWrapper", "{47787B1F-947A-4488-9FD1-EC638E94E7F1}"
EndProject
Project("{D954291E-2A0B-460D-934E-DC6B0785DB48}") = "WindowsDevicePortalWrapper.Shared", "..\WDP\WindowsDevicePortalWrapper\WindowsDevicePortalWrapper.Shared\WindowsDevicePortalWrapper.Shared.shproj", "{AF72A46D-5D30-4FB4-8D3E-B516ED19F9A4}"
EndProject
Project("{FAE04EC0-301F-11D3-BF4B-00C04F79EFBC}") = "WindowsDevicePortalWrapper", "..\WDP\WindowsDevicePortalWrapper\WindowsDevicePortalWrapper\WindowsDevicePortalWrapper.csproj", "{6A9E862E-5CDA-4A8A-BBC0-56E9EA921E39}"
EndProject
Project("{2150E333-8FDC-42A3-9474-1A3956D46DE8}") = "Samples", "Samples", "{E985E7A7-EB60-4B4B-9A3A-A61CBB5FFC61}"
EndProject
Project("{FAE04EC0-301F-11D3-BF4B-00C04F79EFBC}") = "XboxWdpDriver", "..\WDP\Samples\XboxWdpDriver\XboxWdpDriver.csproj", "{1F3CA46B-1E52-418E-A293-23F3FA3BD213}"
EndProject
Project("{2150E333-8FDC-42A3-9474-1A3956D46DE8}") = "XCopy", "XCopy", "{7F70E138-8239-4D22-B712-1411C770289F}"
EndProject
Project("{8BC9CEB8-8B4A-11D0-8D11-00A0C91BC942}") = "ComClassActivation", "..\XCopy\ComClassActivation\comclassactivation.vcxproj", "{42A8DF67-7D7D-416A-82A4-640F85F3808B}"
EndProject
Project("{FAE04EC0-301F-11D3-BF4B-00C04F79EFBC}") = "Universal", "..\XCopy\Universal.csproj", "{DD36FD21-7497-4E8F-A00C-0B7FBE509A33}"
EndProject
Global
	GlobalSection(SolutionConfigurationPlatforms) = preSolution
		Debug|Any CPU = Debug|Any CPU
		Debug|ARM = Debug|ARM
		Debug|ARM64 = Debug|ARM64
		Debug|x64 = Debug|x64
		Debug|x86 = Debug|x86
		Release|Any CPU = Release|Any CPU
		Release|ARM = Release|ARM
		Release|ARM64 = Release|ARM64
		Release|x64 = Release|x64
		Release|x86 = Release|x86
	EndGlobalSection
	GlobalSection(ProjectConfigurationPlatforms) = postSolution
		{E0146FE8-6005-42A2-8041-0025D1AE8478}.Debug|Any CPU.ActiveCfg = Debug|Any CPU
		{E0146FE8-6005-42A2-8041-0025D1AE8478}.Debug|Any CPU.Build.0 = Debug|Any CPU
		{E0146FE8-6005-42A2-8041-0025D1AE8478}.Debug|ARM.ActiveCfg = Debug|Any CPU
		{E0146FE8-6005-42A2-8041-0025D1AE8478}.Debug|ARM.Build.0 = Debug|Any CPU
		{E0146FE8-6005-42A2-8041-0025D1AE8478}.Debug|ARM64.ActiveCfg = Debug|Any CPU
		{E0146FE8-6005-42A2-8041-0025D1AE8478}.Debug|ARM64.Build.0 = Debug|Any CPU
		{E0146FE8-6005-42A2-8041-0025D1AE8478}.Debug|x64.ActiveCfg = Debug|x64
		{E0146FE8-6005-42A2-8041-0025D1AE8478}.Debug|x64.Build.0 = Debug|x64
		{E0146FE8-6005-42A2-8041-0025D1AE8478}.Debug|x86.ActiveCfg = Debug|Any CPU
		{E0146FE8-6005-42A2-8041-0025D1AE8478}.Debug|x86.Build.0 = Debug|Any CPU
		{E0146FE8-6005-42A2-8041-0025D1AE8478}.Release|Any CPU.ActiveCfg = Release|Any CPU
		{E0146FE8-6005-42A2-8041-0025D1AE8478}.Release|Any CPU.Build.0 = Release|Any CPU
		{E0146FE8-6005-42A2-8041-0025D1AE8478}.Release|ARM.ActiveCfg = Release|Any CPU
		{E0146FE8-6005-42A2-8041-0025D1AE8478}.Release|ARM.Build.0 = Release|Any CPU
		{E0146FE8-6005-42A2-8041-0025D1AE8478}.Release|ARM64.ActiveCfg = Release|Any CPU
		{E0146FE8-6005-42A2-8041-0025D1AE8478}.Release|ARM64.Build.0 = Release|Any CPU
		{E0146FE8-6005-42A2-8041-0025D1AE8478}.Release|x64.ActiveCfg = Release|x64
		{E0146FE8-6005-42A2-8041-0025D1AE8478}.Release|x64.Build.0 = Release|x64
		{E0146FE8-6005-42A2-8041-0025D1AE8478}.Release|x86.ActiveCfg = Release|Any CPU
		{E0146FE8-6005-42A2-8041-0025D1AE8478}.Release|x86.Build.0 = Release|Any CPU
		{6A9E862E-5CDA-4A8A-BBC0-56E9EA921E39}.Debug|Any CPU.ActiveCfg = Debug|Any CPU
		{6A9E862E-5CDA-4A8A-BBC0-56E9EA921E39}.Debug|Any CPU.Build.0 = Debug|Any CPU
		{6A9E862E-5CDA-4A8A-BBC0-56E9EA921E39}.Debug|ARM.ActiveCfg = Debug|Any CPU
		{6A9E862E-5CDA-4A8A-BBC0-56E9EA921E39}.Debug|ARM.Build.0 = Debug|Any CPU
		{6A9E862E-5CDA-4A8A-BBC0-56E9EA921E39}.Debug|ARM64.ActiveCfg = Debug|Any CPU
		{6A9E862E-5CDA-4A8A-BBC0-56E9EA921E39}.Debug|ARM64.Build.0 = Debug|Any CPU
		{6A9E862E-5CDA-4A8A-BBC0-56E9EA921E39}.Debug|x64.ActiveCfg = Debug|Any CPU
		{6A9E862E-5CDA-4A8A-BBC0-56E9EA921E39}.Debug|x64.Build.0 = Debug|Any CPU
		{6A9E862E-5CDA-4A8A-BBC0-56E9EA921E39}.Debug|x86.ActiveCfg = Debug|Any CPU
		{6A9E862E-5CDA-4A8A-BBC0-56E9EA921E39}.Debug|x86.Build.0 = Debug|Any CPU
		{6A9E862E-5CDA-4A8A-BBC0-56E9EA921E39}.Release|Any CPU.ActiveCfg = Release|Any CPU
		{6A9E862E-5CDA-4A8A-BBC0-56E9EA921E39}.Release|Any CPU.Build.0 = Release|Any CPU
		{6A9E862E-5CDA-4A8A-BBC0-56E9EA921E39}.Release|ARM.ActiveCfg = Release|Any CPU
		{6A9E862E-5CDA-4A8A-BBC0-56E9EA921E39}.Release|ARM.Build.0 = Release|Any CPU
		{6A9E862E-5CDA-4A8A-BBC0-56E9EA921E39}.Release|ARM64.ActiveCfg = Release|Any CPU
		{6A9E862E-5CDA-4A8A-BBC0-56E9EA921E39}.Release|ARM64.Build.0 = Release|Any CPU
		{6A9E862E-5CDA-4A8A-BBC0-56E9EA921E39}.Release|x64.ActiveCfg = Release|Any CPU
		{6A9E862E-5CDA-4A8A-BBC0-56E9EA921E39}.Release|x64.Build.0 = Release|Any CPU
		{6A9E862E-5CDA-4A8A-BBC0-56E9EA921E39}.Release|x86.ActiveCfg = Release|Any CPU
		{6A9E862E-5CDA-4A8A-BBC0-56E9EA921E39}.Release|x86.Build.0 = Release|Any CPU
		{1F3CA46B-1E52-418E-A293-23F3FA3BD213}.Debug|Any CPU.ActiveCfg = Debug|Any CPU
		{1F3CA46B-1E52-418E-A293-23F3FA3BD213}.Debug|Any CPU.Build.0 = Debug|Any CPU
		{1F3CA46B-1E52-418E-A293-23F3FA3BD213}.Debug|ARM.ActiveCfg = Debug|Any CPU
		{1F3CA46B-1E52-418E-A293-23F3FA3BD213}.Debug|ARM.Build.0 = Debug|Any CPU
		{1F3CA46B-1E52-418E-A293-23F3FA3BD213}.Debug|ARM64.ActiveCfg = Debug|Any CPU
		{1F3CA46B-1E52-418E-A293-23F3FA3BD213}.Debug|ARM64.Build.0 = Debug|Any CPU
		{1F3CA46B-1E52-418E-A293-23F3FA3BD213}.Debug|x64.ActiveCfg = Debug|Any CPU
		{1F3CA46B-1E52-418E-A293-23F3FA3BD213}.Debug|x64.Build.0 = Debug|Any CPU
		{1F3CA46B-1E52-418E-A293-23F3FA3BD213}.Debug|x86.ActiveCfg = Debug|Any CPU
		{1F3CA46B-1E52-418E-A293-23F3FA3BD213}.Debug|x86.Build.0 = Debug|Any CPU
		{1F3CA46B-1E52-418E-A293-23F3FA3BD213}.Release|Any CPU.ActiveCfg = Release|Any CPU
		{1F3CA46B-1E52-418E-A293-23F3FA3BD213}.Release|Any CPU.Build.0 = Release|Any CPU
		{1F3CA46B-1E52-418E-A293-23F3FA3BD213}.Release|ARM.ActiveCfg = Release|Any CPU
		{1F3CA46B-1E52-418E-A293-23F3FA3BD213}.Release|ARM.Build.0 = Release|Any CPU
		{1F3CA46B-1E52-418E-A293-23F3FA3BD213}.Release|ARM64.ActiveCfg = Release|Any CPU
		{1F3CA46B-1E52-418E-A293-23F3FA3BD213}.Release|ARM64.Build.0 = Release|Any CPU
		{1F3CA46B-1E52-418E-A293-23F3FA3BD213}.Release|x64.ActiveCfg = Release|Any CPU
		{1F3CA46B-1E52-418E-A293-23F3FA3BD213}.Release|x64.Build.0 = Release|Any CPU
		{1F3CA46B-1E52-418E-A293-23F3FA3BD213}.Release|x86.ActiveCfg = Release|Any CPU
		{1F3CA46B-1E52-418E-A293-23F3FA3BD213}.Release|x86.Build.0 = Release|Any CPU
		{42A8DF67-7D7D-416A-82A4-640F85F3808B}.Debug|Any CPU.ActiveCfg = Debug|x64
		{42A8DF67-7D7D-416A-82A4-640F85F3808B}.Debug|Any CPU.Build.0 = Debug|x64
		{42A8DF67-7D7D-416A-82A4-640F85F3808B}.Debug|ARM.ActiveCfg = Debug|ARM
		{42A8DF67-7D7D-416A-82A4-640F85F3808B}.Debug|ARM.Build.0 = Debug|ARM
		{42A8DF67-7D7D-416A-82A4-640F85F3808B}.Debug|ARM64.ActiveCfg = Debug|ARM64
		{42A8DF67-7D7D-416A-82A4-640F85F3808B}.Debug|ARM64.Build.0 = Debug|ARM64
		{42A8DF67-7D7D-416A-82A4-640F85F3808B}.Debug|x64.ActiveCfg = Debug|x64
		{42A8DF67-7D7D-416A-82A4-640F85F3808B}.Debug|x64.Build.0 = Debug|x64
		{42A8DF67-7D7D-416A-82A4-640F85F3808B}.Debug|x86.ActiveCfg = Debug|Win32
		{42A8DF67-7D7D-416A-82A4-640F85F3808B}.Debug|x86.Build.0 = Debug|Win32
		{42A8DF67-7D7D-416A-82A4-640F85F3808B}.Release|Any CPU.ActiveCfg = Release|x64
		{42A8DF67-7D7D-416A-82A4-640F85F3808B}.Release|Any CPU.Build.0 = Release|x64
		{42A8DF67-7D7D-416A-82A4-640F85F3808B}.Release|ARM.ActiveCfg = Release|ARM
		{42A8DF67-7D7D-416A-82A4-640F85F3808B}.Release|ARM.Build.0 = Release|ARM
		{42A8DF67-7D7D-416A-82A4-640F85F3808B}.Release|ARM64.ActiveCfg = Release|ARM64
		{42A8DF67-7D7D-416A-82A4-640F85F3808B}.Release|ARM64.Build.0 = Release|ARM64
		{42A8DF67-7D7D-416A-82A4-640F85F3808B}.Release|x64.ActiveCfg = Release|x64
		{42A8DF67-7D7D-416A-82A4-640F85F3808B}.Release|x64.Build.0 = Release|x64
		{42A8DF67-7D7D-416A-82A4-640F85F3808B}.Release|x86.ActiveCfg = Release|Win32
		{42A8DF67-7D7D-416A-82A4-640F85F3808B}.Release|x86.Build.0 = Release|Win32
		{DD36FD21-7497-4E8F-A00C-0B7FBE509A33}.Debug|Any CPU.ActiveCfg = Debug|x64
		{DD36FD21-7497-4E8F-A00C-0B7FBE509A33}.Debug|Any CPU.Build.0 = Debug|x64
		{DD36FD21-7497-4E8F-A00C-0B7FBE509A33}.Debug|Any CPU.Deploy.0 = Debug|x64
		{DD36FD21-7497-4E8F-A00C-0B7FBE509A33}.Debug|ARM.ActiveCfg = Debug|ARM
		{DD36FD21-7497-4E8F-A00C-0B7FBE509A33}.Debug|ARM.Build.0 = Debug|ARM
		{DD36FD21-7497-4E8F-A00C-0B7FBE509A33}.Debug|ARM.Deploy.0 = Debug|ARM
		{DD36FD21-7497-4E8F-A00C-0B7FBE509A33}.Debug|ARM64.ActiveCfg = Debug|ARM64
		{DD36FD21-7497-4E8F-A00C-0B7FBE509A33}.Debug|ARM64.Build.0 = Debug|ARM64
		{DD36FD21-7497-4E8F-A00C-0B7FBE509A33}.Debug|ARM64.Deploy.0 = Debug|ARM64
		{DD36FD21-7497-4E8F-A00C-0B7FBE509A33}.Debug|x64.ActiveCfg = Debug|x64
		{DD36FD21-7497-4E8F-A00C-0B7FBE509A33}.Debug|x64.Build.0 = Debug|x64
		{DD36FD21-7497-4E8F-A00C-0B7FBE509A33}.Debug|x64.Deploy.0 = Debug|x64
		{DD36FD21-7497-4E8F-A00C-0B7FBE509A33}.Debug|x86.ActiveCfg = Debug|x86
		{DD36FD21-7497-4E8F-A00C-0B7FBE509A33}.Debug|x86.Build.0 = Debug|x86
		{DD36FD21-7497-4E8F-A00C-0B7FBE509A33}.Debug|x86.Deploy.0 = Debug|x86
		{DD36FD21-7497-4E8F-A00C-0B7FBE509A33}.Release|Any CPU.ActiveCfg = Release|x64
		{DD36FD21-7497-4E8F-A00C-0B7FBE509A33}.Release|Any CPU.Build.0 = Release|x64
		{DD36FD21-7497-4E8F-A00C-0B7FBE509A33}.Release|Any CPU.Deploy.0 = Release|x64
		{DD36FD21-7497-4E8F-A00C-0B7FBE509A33}.Release|ARM.ActiveCfg = Release|ARM
		{DD36FD21-7497-4E8F-A00C-0B7FBE509A33}.Release|ARM.Build.0 = Release|ARM
		{DD36FD21-7497-4E8F-A00C-0B7FBE509A33}.Release|ARM.Deploy.0 = Release|ARM
		{DD36FD21-7497-4E8F-A00C-0B7FBE509A33}.Release|ARM64.ActiveCfg = Release|ARM64
		{DD36FD21-7497-4E8F-A00C-0B7FBE509A33}.Release|ARM64.Build.0 = Release|ARM64
		{DD36FD21-7497-4E8F-A00C-0B7FBE509A33}.Release|ARM64.Deploy.0 = Release|ARM64
		{DD36FD21-7497-4E8F-A00C-0B7FBE509A33}.Release|x64.ActiveCfg = Release|x64
		{DD36FD21-7497-4E8F-A00C-0B7FBE509A33}.Release|x64.Build.0 = Release|x64
		{DD36FD21-7497-4E8F-A00C-0B7FBE509A33}.Release|x64.Deploy.0 = Release|x64
		{DD36FD21-7497-4E8F-A00C-0B7FBE509A33}.Release|x86.ActiveCfg = Release|x86
		{DD36FD21-7497-4E8F-A00C-0B7FBE509A33}.Release|x86.Build.0 = Release|x86
		{DD36FD21-7497-4E8F-A00C-0B7FBE509A33}.Release|x86.Deploy.0 = Release|x86
	EndGlobalSection
	GlobalSection(SolutionProperties) = preSolution
		HideSolutionNode = FALSE
	EndGlobalSection
	GlobalSection(NestedProjects) = preSolution
		{47787B1F-947A-4488-9FD1-EC638E94E7F1} = {CE5E5233-623E-4EC1-9E26-07BA4C9988D6}
		{AF72A46D-5D30-4FB4-8D3E-B516ED19F9A4} = {47787B1F-947A-4488-9FD1-EC638E94E7F1}
		{6A9E862E-5CDA-4A8A-BBC0-56E9EA921E39} = {47787B1F-947A-4488-9FD1-EC638E94E7F1}
		{E985E7A7-EB60-4B4B-9A3A-A61CBB5FFC61} = {CE5E5233-623E-4EC1-9E26-07BA4C9988D6}
		{1F3CA46B-1E52-418E-A293-23F3FA3BD213} = {E985E7A7-EB60-4B4B-9A3A-A61CBB5FFC61}
		{42A8DF67-7D7D-416A-82A4-640F85F3808B} = {7F70E138-8239-4D22-B712-1411C770289F}
	EndGlobalSection
	GlobalSection(ExtensibilityGlobals) = postSolution
		SolutionGuid = {32EC6288-0DDF-47A4-8CC0-899B7EE1E630}
	EndGlobalSection
	GlobalSection(SharedMSBuildProjectFiles) = preSolution
		..\WDP\WindowsDevicePortalWrapper\WindowsDevicePortalWrapper.Shared\WindowsDevicePortalWrapper.Shared.projitems*{6a9e862e-5cda-4a8a-bbc0-56e9ea921e39}*SharedItemsImports = 4
		..\WDP\WindowsDevicePortalWrapper\WindowsDevicePortalWrapper.Shared\WindowsDevicePortalWrapper.Shared.projitems*{af72a46d-5d30-4fb4-8d3e-b516ed19f9a4}*SharedItemsImports = 13
	EndGlobalSection
EndGlobal
